lockfileVersion: '6.0'

settings:
  autoInstallPeers: true
  excludeLinksFromLockfile: false

dependencies:
  '@actions/core':
    specifier: ^1.10.1
    version: 1.10.1
  '@actions/github':
    specifier: ^6.0.0
    version: 6.0.0
  '@octokit/rest':
    specifier: ^21.0.0
    version: 21.0.0
  '@slack/web-api':
    specifier: ^7.2.0
    version: 7.2.0
  i18next:
    specifier: ^23.11.5
    version: 23.11.5
  i18next-fs-backend:
    specifier: ^2.3.1
    version: 2.3.1
  js-yaml:
    specifier: ^4.1.0
    version: 4.1.0
  node-fetch:
    specifier: ^3.3.2
    version: 3.3.2

devDependencies:
  '@types/js-yaml':
    specifier: ^4.0.9
    version: 4.0.9
  '@types/node':
    specifier: ^20.14.8
    version: 20.14.8
  '@vercel/ncc':
    specifier: ^0.38.1
    version: 0.38.1
  ts-node:
    specifier: ^10.9.2
    version: 10.9.2(@types/node@20.14.8)(typescript@5.5.2)
  typescript:
    specifier: ^5.5.2
    version: 5.5.2

packages:

  /@actions/core@1.10.1:
    resolution: {integrity: sha512-3lBR9EDAY+iYIpTnTIXmWcNbX3T2kCkAEQGIQx4NVQ0575nk2k3GRZDTPQG+vVtS2izSLmINlxXf0uLtnrTP+g==}
    dependencies:
      '@actions/http-client': 2.2.1
      uuid: 8.3.2
    dev: false

  /@actions/github@6.0.0:
    resolution: {integrity: sha512-alScpSVnYmjNEXboZjarjukQEzgCRmjMv6Xj47fsdnqGS73bjJNDpiiXmp8jr0UZLdUB6d9jW63IcmddUP+l0g==}
    dependencies:
      '@actions/http-client': 2.2.1
      '@octokit/core': 5.2.0
      '@octokit/plugin-paginate-rest': 9.2.1(@octokit/core@5.2.0)
      '@octokit/plugin-rest-endpoint-methods': 10.4.1(@octokit/core@5.2.0)
    dev: false

  /@actions/http-client@2.2.1:
    resolution: {integrity: sha512-KhC/cZsq7f8I4LfZSJKgCvEwfkE8o1538VoBeoGzokVLLnbFDEAdFD3UhoMklxo2un9NJVBdANOresx7vTHlHw==}
    dependencies:
      tunnel: 0.0.6
      undici: 5.28.4
    dev: false

  /@babel/runtime@7.24.7:
    resolution: {integrity: sha512-UwgBRMjJP+xv857DCngvqXI3Iq6J4v0wXmwc6sapg+zyhbwmQX67LUEFrkK5tbyJ30jGuG3ZvWpBiB9LCy1kWw==}
    engines: {node: '>=6.9.0'}
    dependencies:
      regenerator-runtime: 0.14.1
    dev: false

  /@cspotcode/source-map-support@0.8.1:
    resolution: {integrity: sha512-IchNf6dN4tHoMFIn/7OE8LWZ19Y6q/67Bmf6vnGREv8RSbBVb9LPJxEcnwrcwX6ixSvaiGoomAUvu4YSxXrVgw==}
    engines: {node: '>=12'}
    dependencies:
      '@jridgewell/trace-mapping': 0.3.9
    dev: true

  /@fastify/busboy@2.1.1:
    resolution: {integrity: sha512-vBZP4NlzfOlerQTnba4aqZoMhE/a9HY7HRqoOPaETQcSQuWEIyZMHGfVu6w9wGtGK5fED5qRs2DteVCjOH60sA==}
    engines: {node: '>=14'}
    dev: false

  /@jridgewell/resolve-uri@3.1.2:
    resolution: {integrity: sha512-bRISgCIjP20/tbWSPWMEi54QVPRZExkuD9lJL+UIxUKtwVJA8wW1Trb1jMs1RFXo1CBTNZ/5hpC9QvmKWdopKw==}
    engines: {node: '>=6.0.0'}
    dev: true

  /@jridgewell/sourcemap-codec@1.4.15:
    resolution: {integrity: sha512-eF2rxCRulEKXHTRiDrDy6erMYWqNw4LPdQ8UQA4huuxaQsVeRPFl2oM8oDGxMFhJUWZf9McpLtJasDDZb/Bpeg==}
    dev: true

  /@jridgewell/trace-mapping@0.3.9:
    resolution: {integrity: sha512-3Belt6tdc8bPgAtbcmdtNJlirVoTmEb5e2gC94PnkwEW9jI6CAHUeoG85tjWP5WquqfavoMtMwiG4P926ZKKuQ==}
    dependencies:
      '@jridgewell/resolve-uri': 3.1.2
      '@jridgewell/sourcemap-codec': 1.4.15
    dev: true

  /@octokit/auth-token@4.0.0:
    resolution: {integrity: sha512-tY/msAuJo6ARbK6SPIxZrPBms3xPbfwBrulZe0Wtr/DIY9lje2HeV1uoebShn6mx7SjCHif6EjMvoREj+gZ+SA==}
    engines: {node: '>= 18'}
    dev: false

  /@octokit/auth-token@5.1.1:
    resolution: {integrity: sha512-rh3G3wDO8J9wSjfI436JUKzHIxq8NaiL0tVeB2aXmG6p/9859aUOAjA9pmSPNGGZxfwmaJ9ozOJImuNVJdpvbA==}
    engines: {node: '>= 18'}
    dev: false

  /@octokit/core@5.2.0:
    resolution: {integrity: sha512-1LFfa/qnMQvEOAdzlQymH0ulepxbxnCYAKJZfMci/5XJyIHWgEYnDmgnKakbTh7CH2tFQ5O60oYDvns4i9RAIg==}
    engines: {node: '>= 18'}
    dependencies:
      '@octokit/auth-token': 4.0.0
      '@octokit/graphql': 7.1.0
      '@octokit/request': 8.4.0
      '@octokit/request-error': 5.1.0
      '@octokit/types': 13.5.0
      before-after-hook: 2.2.3
      universal-user-agent: 6.0.1
    dev: false

  /@octokit/core@6.1.2:
    resolution: {integrity: sha512-hEb7Ma4cGJGEUNOAVmyfdB/3WirWMg5hDuNFVejGEDFqupeOysLc2sG6HJxY2etBp5YQu5Wtxwi020jS9xlUwg==}
    engines: {node: '>= 18'}
    dependencies:
      '@octokit/auth-token': 5.1.1
      '@octokit/graphql': 8.1.1
      '@octokit/request': 9.1.1
      '@octokit/request-error': 6.1.1
      '@octokit/types': 13.5.0
      before-after-hook: 3.0.2
      universal-user-agent: 7.0.2
    dev: false

  /@octokit/endpoint@10.1.1:
    resolution: {integrity: sha512-JYjh5rMOwXMJyUpj028cu0Gbp7qe/ihxfJMLc8VZBMMqSwLgOxDI1911gV4Enl1QSavAQNJcwmwBF9M0VvLh6Q==}
    engines: {node: '>= 18'}
    dependencies:
      '@octokit/types': 13.5.0
      universal-user-agent: 7.0.2
    dev: false

  /@octokit/endpoint@9.0.5:
    resolution: {integrity: sha512-ekqR4/+PCLkEBF6qgj8WqJfvDq65RH85OAgrtnVp1mSxaXF03u2xW/hUdweGS5654IlC0wkNYC18Z50tSYTAFw==}
    engines: {node: '>= 18'}
    dependencies:
      '@octokit/types': 13.5.0
      universal-user-agent: 6.0.1
    dev: false

  /@octokit/graphql@7.1.0:
    resolution: {integrity: sha512-r+oZUH7aMFui1ypZnAvZmn0KSqAUgE1/tUXIWaqUCa1758ts/Jio84GZuzsvUkme98kv0WFY8//n0J1Z+vsIsQ==}
    engines: {node: '>= 18'}
    dependencies:
      '@octokit/request': 8.4.0
      '@octokit/types': 13.5.0
      universal-user-agent: 6.0.1
    dev: false

  /@octokit/graphql@8.1.1:
    resolution: {integrity: sha512-ukiRmuHTi6ebQx/HFRCXKbDlOh/7xEV6QUXaE7MJEKGNAncGI/STSbOkl12qVXZrfZdpXctx5O9X1AIaebiDBg==}
    engines: {node: '>= 18'}
    dependencies:
      '@octokit/request': 9.1.1
      '@octokit/types': 13.5.0
      universal-user-agent: 7.0.2
    dev: false

  /@octokit/openapi-types@20.0.0:
    resolution: {integrity: sha512-EtqRBEjp1dL/15V7WiX5LJMIxxkdiGJnabzYx5Apx4FkQIFgAfKumXeYAqqJCj1s+BMX4cPFIFC4OLCR6stlnA==}
    dev: false

  /@octokit/openapi-types@22.2.0:
    resolution: {integrity: sha512-QBhVjcUa9W7Wwhm6DBFu6ZZ+1/t/oYxqc2tp81Pi41YNuJinbFRx8B133qVOrAaBbF7D/m0Et6f9/pZt9Rc+tg==}
    dev: false

  /@octokit/plugin-paginate-rest@11.3.0(@octokit/core@6.1.2):
    resolution: {integrity: sha512-n4znWfRinnUQF6TPyxs7EctSAA3yVSP4qlJP2YgI3g9d4Ae2n5F3XDOjbUluKRxPU3rfsgpOboI4O4VtPc6Ilg==}
    engines: {node: '>= 18'}
    peerDependencies:
      '@octokit/core': '>=6'
    dependencies:
      '@octokit/core': 6.1.2
      '@octokit/types': 13.5.0
    dev: false

  /@octokit/plugin-paginate-rest@9.2.1(@octokit/core@5.2.0):
    resolution: {integrity: sha512-wfGhE/TAkXZRLjksFXuDZdmGnJQHvtU/joFQdweXUgzo1XwvBCD4o4+75NtFfjfLK5IwLf9vHTfSiU3sLRYpRw==}
    engines: {node: '>= 18'}
    peerDependencies:
      '@octokit/core': '5'
    dependencies:
      '@octokit/core': 5.2.0
      '@octokit/types': 12.6.0
    dev: false

  /@octokit/plugin-request-log@5.3.0(@octokit/core@6.1.2):
    resolution: {integrity: sha512-FiGcyjdtYPlr03ExBk/0ysIlEFIFGJQAVoPPMxL19B24bVSEiZQnVGBunNtaAF1YnvE/EFoDpXmITtRnyCiypQ==}
    engines: {node: '>= 18'}
    peerDependencies:
      '@octokit/core': '>=6'
    dependencies:
      '@octokit/core': 6.1.2
    dev: false

  /@octokit/plugin-rest-endpoint-methods@10.4.1(@octokit/core@5.2.0):
    resolution: {integrity: sha512-xV1b+ceKV9KytQe3zCVqjg+8GTGfDYwaT1ATU5isiUyVtlVAO3HNdzpS4sr4GBx4hxQ46s7ITtZrAsxG22+rVg==}
    engines: {node: '>= 18'}
    peerDependencies:
      '@octokit/core': '5'
    dependencies:
      '@octokit/core': 5.2.0
      '@octokit/types': 12.6.0
    dev: false

  /@octokit/plugin-rest-endpoint-methods@13.2.1(@octokit/core@6.1.2):
    resolution: {integrity: sha512-YMWBw6Exh1ZBs5cCE0AnzYxSQDIJS00VlBqISTgNYmu5MBdeM07K/MAJjy/VkNaH5jpJmD/5HFUvIZ+LDB5jSQ==}
    engines: {node: '>= 18'}
    peerDependencies:
      '@octokit/core': '>=6'
    dependencies:
      '@octokit/core': 6.1.2
      '@octokit/types': 13.5.0
    dev: false

  /@octokit/request-error@5.1.0:
    resolution: {integrity: sha512-GETXfE05J0+7H2STzekpKObFe765O5dlAKUTLNGeH+x47z7JjXHfsHKo5z21D/o/IOZTUEI6nyWyR+bZVP/n5Q==}
    engines: {node: '>= 18'}
    dependencies:
      '@octokit/types': 13.5.0
      deprecation: 2.3.1
      once: 1.4.0
    dev: false

  /@octokit/request-error@6.1.1:
    resolution: {integrity: sha512-1mw1gqT3fR/WFvnoVpY/zUM2o/XkMs/2AszUUG9I69xn0JFLv6PGkPhNk5lbfvROs79wiS0bqiJNxfCZcRJJdg==}
    engines: {node: '>= 18'}
    dependencies:
      '@octokit/types': 13.5.0
    dev: false

  /@octokit/request@8.4.0:
    resolution: {integrity: sha512-9Bb014e+m2TgBeEJGEbdplMVWwPmL1FPtggHQRkV+WVsMggPtEkLKPlcVYm/o8xKLkpJ7B+6N8WfQMtDLX2Dpw==}
    engines: {node: '>= 18'}
    dependencies:
      '@octokit/endpoint': 9.0.5
      '@octokit/request-error': 5.1.0
      '@octokit/types': 13.5.0
      universal-user-agent: 6.0.1
    dev: false

  /@octokit/request@9.1.1:
    resolution: {integrity: sha512-pyAguc0p+f+GbQho0uNetNQMmLG1e80WjkIaqqgUkihqUp0boRU6nKItXO4VWnr+nbZiLGEyy4TeKRwqaLvYgw==}
    engines: {node: '>= 18'}
    dependencies:
      '@octokit/endpoint': 10.1.1
      '@octokit/request-error': 6.1.1
      '@octokit/types': 13.5.0
      universal-user-agent: 7.0.2
    dev: false

  /@octokit/rest@21.0.0:
    resolution: {integrity: sha512-XudXXOmiIjivdjNZ+fN71NLrnDM00sxSZlhqmPR3v0dVoJwyP628tSlc12xqn8nX3N0965583RBw5GPo6r8u4Q==}
    engines: {node: '>= 18'}
    dependencies:
      '@octokit/core': 6.1.2
      '@octokit/plugin-paginate-rest': 11.3.0(@octokit/core@6.1.2)
      '@octokit/plugin-request-log': 5.3.0(@octokit/core@6.1.2)
      '@octokit/plugin-rest-endpoint-methods': 13.2.1(@octokit/core@6.1.2)
    dev: false

  /@octokit/types@12.6.0:
    resolution: {integrity: sha512-1rhSOfRa6H9w4YwK0yrf5faDaDTb+yLyBUKOCV4xtCDB5VmIPqd/v9yr9o6SAzOAlRxMiRiCic6JVM1/kunVkw==}
    dependencies:
      '@octokit/openapi-types': 20.0.0
    dev: false

  /@octokit/types@13.5.0:
    resolution: {integrity: sha512-HdqWTf5Z3qwDVlzCrP8UJquMwunpDiMPt5er+QjGzL4hqr/vBVY/MauQgS1xWxCDT1oMx1EULyqxncdCY/NVSQ==}
    dependencies:
      '@octokit/openapi-types': 22.2.0
    dev: false

  /@slack/logger@4.0.0:
    resolution: {integrity: sha512-Wz7QYfPAlG/DR+DfABddUZeNgoeY7d1J39OCR2jR+v7VBsB8ezulDK5szTnDDPDwLH5IWhLvXIHlCFZV7MSKgA==}
    engines: {node: '>= 18', npm: '>= 8.6.0'}
    dependencies:
      '@types/node': 20.14.8
    dev: false

  /@slack/types@2.12.0:
    resolution: {integrity: sha512-yFewzUomYZ2BYaGJidPuIgjoYj5wqPDmi7DLSaGIkf+rCi4YZ2Z3DaiYIbz7qb/PL2NmamWjCvB7e9ArI5HkKg==}
    engines: {node: '>= 12.13.0', npm: '>= 6.12.0'}
    dev: false

  /@slack/web-api@7.2.0:
    resolution: {integrity: sha512-Dicpm9h/M9gZXHVlsDurUxQOzhh5QDZ6jahnsYRl9ZLAD58SPfgZdlS5a6Rz3zs82RnYWhNVjMW+pMLysetgRw==}
    engines: {node: '>= 18', npm: '>= 8.6.0'}
    dependencies:
      '@slack/logger': 4.0.0
      '@slack/types': 2.12.0
      '@types/node': 20.14.8
      '@types/retry': 0.12.0
      axios: 1.7.2
      eventemitter3: 5.0.1
      form-data: 4.0.0
      is-electron: 2.2.2
      is-stream: 2.0.1
      p-queue: 6.6.2
      p-retry: 4.6.2
      retry: 0.13.1
    transitivePeerDependencies:
      - debug
    dev: false

  /@tsconfig/node10@1.0.11:
    resolution: {integrity: sha512-DcRjDCujK/kCk/cUe8Xz8ZSpm8mS3mNNpta+jGCA6USEDfktlNvm1+IuZ9eTcDbNk41BHwpHHeW+N1lKCz4zOw==}
    dev: true

  /@tsconfig/node12@1.0.11:
    resolution: {integrity: sha512-cqefuRsh12pWyGsIoBKJA9luFu3mRxCA+ORZvA4ktLSzIuCUtWVxGIuXigEwO5/ywWFMZ2QEGKWvkZG1zDMTag==}
    dev: true

  /@tsconfig/node14@1.0.3:
    resolution: {integrity: sha512-ysT8mhdixWK6Hw3i1V2AeRqZ5WfXg1G43mqoYlM2nc6388Fq5jcXyr5mRsqViLx/GJYdoL0bfXD8nmF+Zn/Iow==}
    dev: true

  /@tsconfig/node16@1.0.4:
    resolution: {integrity: sha512-vxhUy4J8lyeyinH7Azl1pdd43GJhZH/tP2weN8TntQblOY+A0XbT8DJk1/oCPuOOyg/Ja757rG0CgHcWC8OfMA==}
    dev: true

  /@types/js-yaml@4.0.9:
    resolution: {integrity: sha512-k4MGaQl5TGo/iipqb2UDG2UwjXziSWkh0uysQelTlJpX1qGlpUZYm8PnO4DxG1qBomtJUdYJ6qR6xdIah10JLg==}
    dev: true

  /@types/node@20.14.8:
    resolution: {integrity: sha512-DO+2/jZinXfROG7j7WKFn/3C6nFwxy2lLpgLjEXJz+0XKphZlTLJ14mo8Vfg8X5BWN6XjyESXq+LcYdT7tR3bA==}
    dependencies:
      undici-types: 5.26.5

  /@types/retry@0.12.0:
    resolution: {integrity: sha512-wWKOClTTiizcZhXnPY4wikVAwmdYHp8q6DmC+EJUzAMsycb7HB32Kh9RN4+0gExjmPmZSAQjgURXIGATPegAvA==}
    dev: false

  /@vercel/ncc@0.38.1:
    resolution: {integrity: sha512-IBBb+iI2NLu4VQn3Vwldyi2QwaXt5+hTyh58ggAMoCGE6DJmPvwL3KPBWcJl1m9LYPChBLE980Jw+CS4Wokqxw==}
    hasBin: true
    dev: true

  /acorn-walk@8.3.3:
    resolution: {integrity: sha512-MxXdReSRhGO7VlFe1bRG/oI7/mdLV9B9JJT0N8vZOhF7gFRR5l3M8W9G8JxmKV+JC5mGqJ0QvqfSOLsCPa4nUw==}
    engines: {node: '>=0.4.0'}
    dependencies:
      acorn: 8.12.0
    dev: true

  /acorn@8.12.0:
    resolution: {integrity: sha512-RTvkC4w+KNXrM39/lWCUaG0IbRkWdCv7W/IOW9oU6SawyxulvkQy5HQPVTKxEjczcUvapcrw3cFx/60VN/NRNw==}
    engines: {node: '>=0.4.0'}
    hasBin: true
    dev: true

  /arg@4.1.3:
    resolution: {integrity: sha512-58S9QDqG0Xx27YwPSt9fJxivjYl432YCwfDMfZ+71RAqUrZef7LrKQZ3LHLOwCS4FLNBplP533Zx895SeOCHvA==}
    dev: true

  /argparse@2.0.1:
    resolution: {integrity: sha512-8+9WqebbFzpX9OR+Wa6O29asIogeRMzcGtAINdpMHHyAg10f05aSFVBbcEqGf/PXw1EjAZ+q2/bEBg3DvurK3Q==}
    dev: false

  /asynckit@0.4.0:
    resolution: {integrity: sha512-Oei9OH4tRh0YqU3GxhX79dM/mwVgvbZJaSNaRk+bshkj0S5cfHcgYakreBjrHwatXKbz+IoIdYLxrKim2MjW0Q==}
    dev: false

  /axios@1.7.2:
    resolution: {integrity: sha512-2A8QhOMrbomlDuiLeK9XibIBzuHeRcqqNOHp0Cyp5EoJ1IFDh+XZH3A6BkXtv0K4gFGCI0Y4BM7B1wOEi0Rmgw==}
    dependencies:
      follow-redirects: 1.15.6
      form-data: 4.0.0
      proxy-from-env: 1.1.0
    transitivePeerDependencies:
      - debug
    dev: false

  /before-after-hook@2.2.3:
    resolution: {integrity: sha512-NzUnlZexiaH/46WDhANlyR2bXRopNg4F/zuSA3OpZnllCUgRaOF2znDioDWrmbNVsuZk6l9pMquQB38cfBZwkQ==}
    dev: false

  /before-after-hook@3.0.2:
    resolution: {integrity: sha512-Nik3Sc0ncrMK4UUdXQmAnRtzmNQTAAXmXIopizwZ1W1t8QmfJj+zL4OA2I7XPTPW5z5TDqv4hRo/JzouDJnX3A==}
    dev: false

  /combined-stream@1.0.8:
    resolution: {integrity: sha512-FQN4MRfuJeHf7cBbBMJFXhKSDq+2kAArBlmRBvcvFE5BB1HZKXtSFASDhdlz9zOYwxh8lDdnvmMOe/+5cdoEdg==}
    engines: {node: '>= 0.8'}
    dependencies:
      delayed-stream: 1.0.0
    dev: false

  /create-require@1.1.1:
    resolution: {integrity: sha512-dcKFX3jn0MpIaXjisoRvexIJVEKzaq7z2rZKxf+MSr9TkdmHmsU4m2lcLojrj/FHl8mk5VxMmYA+ftRkP/3oKQ==}
    dev: true

  /data-uri-to-buffer@4.0.1:
    resolution: {integrity: sha512-0R9ikRb668HB7QDxT1vkpuUBtqc53YyAwMwGeUFKRojY/NWKvdZ+9UYtRfGmhqNbRkTSVpMbmyhXipFFv2cb/A==}
    engines: {node: '>= 12'}
    dev: false

  /delayed-stream@1.0.0:
    resolution: {integrity: sha512-ZySD7Nf91aLB0RxL4KGrKHBXl7Eds1DAmEdcoVawXnLD7SDhpNgtuII2aAkg7a7QS41jxPSZ17p4VdGnMHk3MQ==}
    engines: {node: '>=0.4.0'}
    dev: false

  /deprecation@2.3.1:
    resolution: {integrity: sha512-xmHIy4F3scKVwMsQ4WnVaS8bHOx0DmVwRywosKhaILI0ywMDWPtBSku2HNxRvF7jtwDRsoEwYQSfbxj8b7RlJQ==}
    dev: false

  /diff@4.0.2:
    resolution: {integrity: sha512-58lmxKSA4BNyLz+HHMUzlOEpg09FV+ev6ZMe3vJihgdxzgcwZ8VoEEPmALCZG9LmqfVoNMMKpttIYTVG6uDY7A==}
    engines: {node: '>=0.3.1'}
    dev: true

  /eventemitter3@4.0.7:
    resolution: {integrity: sha512-8guHBZCwKnFhYdHr2ysuRWErTwhoN2X8XELRlrRwpmfeY2jjuUN4taQMsULKUVo1K4DvZl+0pgfyoysHxvmvEw==}
    dev: false

  /eventemitter3@5.0.1:
    resolution: {integrity: sha512-GWkBvjiSZK87ELrYOSESUYeVIc9mvLLf/nXalMOS5dYrgZq9o5OVkbZAVM06CVxYsCwH9BDZFPlQTlPA1j4ahA==}
    dev: false

  /fetch-blob@3.2.0:
    resolution: {integrity: sha512-7yAQpD2UMJzLi1Dqv7qFYnPbaPx7ZfFK6PiIxQ4PfkGPyNyl2Ugx+a/umUonmKqjhM4DnfbMvdX6otXq83soQQ==}
    engines: {node: ^12.20 || >= 14.13}
    dependencies:
      node-domexception: 1.0.0
      web-streams-polyfill: 3.3.3
    dev: false

  /follow-redirects@1.15.6:
    resolution: {integrity: sha512-wWN62YITEaOpSK584EZXJafH1AGpO8RVgElfkuXbTOrPX4fIfOyEpW/CsiNd8JdYrAoOvafRTOEnvsO++qCqFA==}
    engines: {node: '>=4.0'}
    peerDependencies:
      debug: '*'
    peerDependenciesMeta:
      debug:
        optional: true
    dev: false

  /form-data@4.0.0:
    resolution: {integrity: sha512-ETEklSGi5t0QMZuiXoA/Q6vcnxcLQP5vdugSpuAyi6SVGi2clPPp+xgEhuMaHC+zGgn31Kd235W35f7Hykkaww==}
    engines: {node: '>= 6'}
    dependencies:
      asynckit: 0.4.0
      combined-stream: 1.0.8
      mime-types: 2.1.35
    dev: false

  /formdata-polyfill@4.0.10:
    resolution: {integrity: sha512-buewHzMvYL29jdeQTVILecSaZKnt/RJWjoZCF5OW60Z67/GmSLBkOFM7qh1PI3zFNtJbaZL5eQu1vLfazOwj4g==}
    engines: {node: '>=12.20.0'}
    dependencies:
      fetch-blob: 3.2.0
    dev: false

  /i18next-fs-backend@2.3.1:
    resolution: {integrity: sha512-tvfXskmG/9o+TJ5Fxu54sSO5OkY6d+uMn+K6JiUGLJrwxAVfer+8V3nU8jq3ts9Pe5lXJv4b1N7foIjJ8Iy2Gg==}
    dev: false

  /i18next@23.11.5:
    resolution: {integrity: sha512-41pvpVbW9rhZPk5xjCX2TPJi2861LEig/YRhUkY+1FQ2IQPS0bKUDYnEqY8XPPbB48h1uIwLnP9iiEfuSl20CA==}
    dependencies:
      '@babel/runtime': 7.24.7
    dev: false

  /is-electron@2.2.2:
    resolution: {integrity: sha512-FO/Rhvz5tuw4MCWkpMzHFKWD2LsfHzIb7i6MdPYZ/KW7AlxawyLkqdy+jPZP1WubqEADE3O4FUENlJHDfQASRg==}
    dev: false

  /is-stream@2.0.1:
    resolution: {integrity: sha512-hFoiJiTl63nn+kstHGBtewWSKnQLpyb155KHheA1l39uvtO9nWIop1p3udqPcUd/xbF1VLMO4n7OI6p7RbngDg==}
    engines: {node: '>=8'}
    dev: false

  /js-yaml@4.1.0:
    resolution: {integrity: sha512-wpxZs9NoxZaJESJGIZTyDEaYpl0FKSA+FB9aJiyemKhMwkxQg63h4T1KJgUGHpTqPDNRcmmYLugrRjJlBtWvRA==}
    hasBin: true
    dependencies:
      argparse: 2.0.1
    dev: false

  /make-error@1.3.6:
    resolution: {integrity: sha512-s8UhlNe7vPKomQhC1qFelMokr/Sc3AgNbso3n74mVPA5LTZwkB9NlXf4XPamLxJE8h0gh73rM94xvwRT2CVInw==}
    dev: true

  /mime-db@1.52.0:
    resolution: {integrity: sha512-sPU4uV7dYlvtWJxwwxHD0PuihVNiE7TyAbQ5SWxDCB9mUYvOgroQOwYQQOKPJ8CIbE+1ETVlOoK1UC2nU3gYvg==}
    engines: {node: '>= 0.6'}
    dev: false

  /mime-types@2.1.35:
    resolution: {integrity: sha512-ZDY+bPm5zTTF+YpCrAU9nK0UgICYPT0QtT1NZWFv4s++TNkcgVaT0g6+4R2uI4MjQjzysHB1zxuWL50hzaeXiw==}
    engines: {node: '>= 0.6'}
    dependencies:
      mime-db: 1.52.0
    dev: false

  /node-domexception@1.0.0:
    resolution: {integrity: sha512-/jKZoMpw0F8GRwl4/eLROPA3cfcXtLApP0QzLmUT/HuPCZWyB7IY9ZrMeKw2O/nFIqPQB3PVM9aYm0F312AXDQ==}
    engines: {node: '>=10.5.0'}
    dev: false

  /node-fetch@3.3.2:
    resolution: {integrity: sha512-dRB78srN/l6gqWulah9SrxeYnxeddIG30+GOqK/9OlLVyLg3HPnr6SqOWTWOXKRwC2eGYCkZ59NNuSgvSrpgOA==}
    engines: {node: ^12.20.0 || ^14.13.1 || >=16.0.0}
    dependencies:
      data-uri-to-buffer: 4.0.1
      fetch-blob: 3.2.0
      formdata-polyfill: 4.0.10
    dev: false

  /once@1.4.0:
    resolution: {integrity: sha512-lNaJgI+2Q5URQBkccEKHTQOPaXdUxnZZElQTZY0MFUAuaEqe1E+Nyvgdz/aIyNi6Z9MzO5dv1H8n58/GELp3+w==}
    dependencies:
      wrappy: 1.0.2
    dev: false

  /p-finally@1.0.0:
    resolution: {integrity: sha512-LICb2p9CB7FS+0eR1oqWnHhp0FljGLZCWBE9aix0Uye9W8LTQPwMTYVGWQWIw9RdQiDg4+epXQODwIYJtSJaow==}
    engines: {node: '>=4'}
    dev: false

  /p-queue@6.6.2:
    resolution: {integrity: sha512-RwFpb72c/BhQLEXIZ5K2e+AhgNVmIejGlTgiB9MzZ0e93GRvqZ7uSi0dvRF7/XIXDeNkra2fNHBxTyPDGySpjQ==}
    engines: {node: '>=8'}
    dependencies:
      eventemitter3: 4.0.7
      p-timeout: 3.2.0
    dev: false

  /p-retry@4.6.2:
    resolution: {integrity: sha512-312Id396EbJdvRONlngUx0NydfrIQ5lsYu0znKVUzVvArzEIt08V1qhtyESbGVd1FGX7UKtiFp5uwKZdM8wIuQ==}
    engines: {node: '>=8'}
    dependencies:
      '@types/retry': 0.12.0
      retry: 0.13.1
    dev: false

  /p-timeout@3.2.0:
    resolution: {integrity: sha512-rhIwUycgwwKcP9yTOOFK/AKsAopjjCakVqLHePO3CC6Mir1Z99xT+R63jZxAT5lFZLa2inS5h+ZS2GvR99/FBg==}
    engines: {node: '>=8'}
    dependencies:
      p-finally: 1.0.0
    dev: false

  /proxy-from-env@1.1.0:
    resolution: {integrity: sha512-D+zkORCbA9f1tdWRK0RaCR3GPv50cMxcrz4X8k5LTSUD1Dkw47mKJEZQNunItRTkWwgtaUSo1RVFRIG9ZXiFYg==}
    dev: false

  /regenerator-runtime@0.14.1:
    resolution: {integrity: sha512-dYnhHh0nJoMfnkZs6GmmhFknAGRrLznOu5nc9ML+EJxGvrx6H7teuevqVqCuPcPK//3eDrrjQhehXVx9cnkGdw==}
    dev: false

  /retry@0.13.1:
    resolution: {integrity: sha512-XQBQ3I8W1Cge0Seh+6gjj03LbmRFWuoszgK9ooCpwYIrhhoO80pfq4cUkU5DkknwfOfFteRwlZ56PYOGYyFWdg==}
    engines: {node: '>= 4'}
    dev: false

  /ts-node@10.9.2(@types/node@20.14.8)(typescript@5.5.2):
    resolution: {integrity: sha512-f0FFpIdcHgn8zcPSbf1dRevwt047YMnaiJM3u2w2RewrB+fob/zePZcrOyQoLMMO7aBIddLcQIEK5dYjkLnGrQ==}
    hasBin: true
    peerDependencies:
      '@swc/core': '>=1.2.50'
      '@swc/wasm': '>=1.2.50'
      '@types/node': '*'
      typescript: '>=2.7'
    peerDependenciesMeta:
      '@swc/core':
        optional: true
      '@swc/wasm':
        optional: true
    dependencies:
      '@cspotcode/source-map-support': 0.8.1
      '@tsconfig/node10': 1.0.11
      '@tsconfig/node12': 1.0.11
      '@tsconfig/node14': 1.0.3
      '@tsconfig/node16': 1.0.4
      '@types/node': 20.14.8
      acorn: 8.12.0
      acorn-walk: 8.3.3
      arg: 4.1.3
      create-require: 1.1.1
      diff: 4.0.2
      make-error: 1.3.6
      typescript: 5.5.2
      v8-compile-cache-lib: 3.0.1
      yn: 3.1.1
    dev: true

  /tunnel@0.0.6:
    resolution: {integrity: sha512-1h/Lnq9yajKY2PEbBadPXj3VxsDDu844OnaAo52UVmIzIvwwtBPIuNvkjuzBlTWpfJyUbG3ez0KSBibQkj4ojg==}
    engines: {node: '>=0.6.11 <=0.7.0 || >=0.7.3'}
    dev: false

  /typescript@5.5.2:
    resolution: {integrity: sha512-NcRtPEOsPFFWjobJEtfihkLCZCXZt/os3zf8nTxjVH3RvTSxjrCamJpbExGvYOF+tFHc3pA65qpdwPbzjohhew==}
    engines: {node: '>=14.17'}
    hasBin: true
    dev: true

  /undici-types@5.26.5:
    resolution: {integrity: sha512-JlCMO+ehdEIKqlFxk6IfVoAUVmgz7cU7zD/h9XZ0qzeosSHmUJVOzSQvvYSYWXkFXC+IfLKSIffhv0sVZup6pA==}

  /undici@5.28.4:
    resolution: {integrity: sha512-72RFADWFqKmUb2hmmvNODKL3p9hcB6Gt2DOQMis1SEBaV6a4MH8soBvzg+95CYhCKPFedut2JY9bMfrDl9D23g==}
    engines: {node: '>=14.0'}
    dependencies:
      '@fastify/busboy': 2.1.1
    dev: false

  /universal-user-agent@6.0.1:
    resolution: {integrity: sha512-yCzhz6FN2wU1NiiQRogkTQszlQSlpWaw8SvVegAc+bDxbzHgh1vX8uIe8OYyMH6DwH+sdTJsgMl36+mSMdRJIQ==}
    dev: false

  /universal-user-agent@7.0.2:
    resolution: {integrity: sha512-0JCqzSKnStlRRQfCdowvqy3cy0Dvtlb8xecj/H8JFZuCze4rwjPZQOgvFvn0Ws/usCHQFGpyr+pB9adaGwXn4Q==}
    dev: false

  /uuid@8.3.2:
    resolution: {integrity: sha512-+NYs2QeMWy+GWFOEm9xnn6HCDp0l7QBD7ml8zLUmJ+93Q5NF0NocErnwkTkXVFNiX3/fpC6afS8Dhb/gz7R7eg==}
    hasBin: true
    dev: false

  /v8-compile-cache-lib@3.0.1:
    resolution: {integrity: sha512-wa7YjyUGfNZngI/vtK0UHAN+lgDCxBPCylVXGp0zu59Fz5aiGtNXaq3DhIov063MorB+VfufLh3JlF2KdTK3xg==}
    dev: true

  /web-streams-polyfill@3.3.3:
    resolution: {integrity: sha512-d2JWLCivmZYTSIoge9MsgFCZrt571BikcWGYkjC1khllbTeDlGqZ2D8vD8E/lJa8WGWbb7Plm8/XJYV7IJHZZw==}
    engines: {node: '>= 8'}
    dev: false

  /wrappy@1.0.2:
    resolution: {integrity: sha512-l4Sp/DRseor9wL6EvV2+TuQn63dMkPjZ/sp9XkghTEbV9KlPS1xUsZ3u7/IQO4wxtcFB4bgpQPRcR3QCvezPcQ==}
    dev: false

  /yn@3.1.1:
    resolution: {integrity: sha512-Ux4ygGWsu2c7isFWe8Yu1YluJmqVhxqK2cLXNQA5AcC3QfbGNpM7fu0Y8b/z16pXLnFxZYvWhd3fhBY9DLmC6Q==}
    engines: {node: '>=6'}
    dev: true
